{
    "title": "Camera Filters and Effects",
    "description": "Take your photography experience to a whole new level with the Camera Filters and Effects \u2013 Lomography application. Enhancing your photo\u2019s quality or turning your photo black and white has become a hassle-free task with our IG filter app camera.\r\nDo you want to make the appearance of your photos clear and vivid? Are you tired of using the same ordinary filters to beautify your selfies? If yes, then this filter camera app is surely heaven for you.\r\nNow you can make your ordinary selfies look great by using Lomograph\u2019s outstanding and diverse range of camera filters and effects.\r\nThis filter camera app contains live camera filters that allow you to use camera filters and effects like Snapchat while clicking selfies. With our IG filter application, you can add photography camera effects and surprise your friends and fellows by sharing HD-quality pictures.\r\nBefore capturing any picture, you can preview the results on your screen by simply swiping the wide variety of free effects and filters on our app. The Lomograph camera filters and effects are readily available to help you take your photography to the next level.\r\n\r\nThe camera filters and effects application comes with a copious amount of filters, which include the following:\r\n\r\n\u2022\tDarkroom\r\n\u2022\tOld Retro\r\n\u2022\tPolaroid Cam\r\n\u2022\tGlitch\r\n\u2022\tCinematic\r\n\u2022\tHipstamatic\r\n\u2022\tVintage\r\n\u2022\tLight Leak\r\n\u2022\tLine Art\r\n\u2022\tBlack & White\r\n\r\nThe Lomograph app also comes with stunning effects to help you enhance your picture\u2019s visual appearance, such as:\r\n\u2022\tStars\r\n\u2022\tCloud\r\n\u2022\tTexture\r\n\u2022\tCracks\r\n\u2022\tFire\r\n\u2022\tLove\r\n\u2022\tWatercolor\r\n\u2022\tSunrays\r\n\u2022\tSnow\r\n\u2022\tSmoke\r\n\r\nEdit your photo add the best filters and effects with our smart IG filter app camera!\r\n\r\nLomograph is the best camera app, as it not only comes with effects and filters but also provides you with a wide range of features to make your ordinary pictures exceptional. With the IG filters, you can surely stand out and receive a remarkable response from the admirers of your photography.\r\nWho says perfection cannot be achieved? The beauty camera filters offered by this app can bring excellence and add a classy appearance to your pictures. The advanced editing features available within this app can be utilized to modify the brightness, contrast, warmth, and vignette components of any photograph. You can use the camera filters and effects application to turn simple pictures into HD-quality photographs.\r\n\r\nThe top features users can enjoy in this all-in-one filter camera app are as follows:\r\n\u2022\tA wide range of exquisite filters, which include graina4, caramel latte, duotone, euro, retro, and lomo.\r\n\u2022\tAn exclusive variety of HD picture effects includes star, cloud, texture, butterfly, and cracks.\r\n\u2022\tCrop and resize the image.\r\n\u2022\tA copious amount of stickers and emoji\u2019s.\r\n\u2022\tSpiral effects.\r\n\u2022\tMultiple adjustment options to alter the blur, contrast, brightness, warmth, and vignette components.\r\n\u2022\tAn exclusive variety of live camera filters.\r\nGet the camera filters and effects app now to use its cool camera effects and live camera filters. There\u2019s no need to be camera-shy anymore, as you can enjoy the beauty filters on this application and enhance the quality of your pictures. Click astonishing selfies and stun everyone with your photo-capturing skills by using our Lomograph \u2013 Filter Camera app.\r\n\r\nDisclaimer:\r\nThis application is not the official app of \u201cLomography\u201d & \u201ccamera Filters\u201d or the original website. Also, we have no affiliation with any brand. All the filters and assets might be similar to camera filters but are custom-made by our professional Designers. The Lomographica has made every effort to ensure not to disobey others\u2019 COPYRIGHTS and TRADEMARKS.",
    "descriptionHTML": "Take your photography experience to a whole new level with the Camera Filters and Effects \u2013 Lomography application. Enhancing your photo\u2019s quality or turning your photo black and white has become a hassle-free task with our IG filter app camera.<br>Do you want to make the appearance of your photos clear and vivid? Are you tired of using the same ordinary filters to beautify your selfies? If yes, then this filter camera app is surely heaven for you.<br>Now you can make your ordinary selfies look great by using Lomograph\u2019s outstanding and diverse range of camera filters and effects.<br>This filter camera app contains live camera filters that allow you to use camera filters and effects like Snapchat while clicking selfies. With our IG filter application, you can add photography camera effects and surprise your friends and fellows by sharing HD-quality pictures.<br>Before capturing any picture, you can preview the results on your screen by simply swiping the wide variety of free effects and filters on our app. The Lomograph camera filters and effects are readily available to help you take your photography to the next level.<br><br>The camera filters and effects application comes with a copious amount of filters, which include the following:<br><br>\u2022\tDarkroom<br>\u2022\tOld Retro<br>\u2022\tPolaroid Cam<br>\u2022\tGlitch<br>\u2022\tCinematic<br>\u2022\tHipstamatic<br>\u2022\tVintage<br>\u2022\tLight Leak<br>\u2022\tLine Art<br>\u2022\tBlack &amp; White<br><br>The Lomograph app also comes with stunning effects to help you enhance your picture\u2019s visual appearance, such as:<br>\u2022\tStars<br>\u2022\tCloud<br>\u2022\tTexture<br>\u2022\tCracks<br>\u2022\tFire<br>\u2022\tLove<br>\u2022\tWatercolor<br>\u2022\tSunrays<br>\u2022\tSnow<br>\u2022\tSmoke<br><br>Edit your photo add the best filters and effects with our smart IG filter app camera!<br><br>Lomograph is the best camera app, as it not only comes with effects and filters but also provides you with a wide range of features to make your ordinary pictures exceptional. With the IG filters, you can surely stand out and receive a remarkable response from the admirers of your photography.<br>Who says perfection cannot be achieved? The beauty camera filters offered by this app can bring excellence and add a classy appearance to your pictures. The advanced editing features available within this app can be utilized to modify the brightness, contrast, warmth, and vignette components of any photograph. You can use the camera filters and effects application to turn simple pictures into HD-quality photographs.<br><br>The top features users can enjoy in this all-in-one filter camera app are as follows:<br>\u2022\tA wide range of exquisite filters, which include graina4, caramel latte, duotone, euro, retro, and lomo.<br>\u2022\tAn exclusive variety of HD picture effects includes star, cloud, texture, butterfly, and cracks.<br>\u2022\tCrop and resize the image.<br>\u2022\tA copious amount of stickers and emoji\u2019s.<br>\u2022\tSpiral effects.<br>\u2022\tMultiple adjustment options to alter the blur, contrast, brightness, warmth, and vignette components.<br>\u2022\tAn exclusive variety of live camera filters.<br>Get the camera filters and effects app now to use its cool camera effects and live camera filters. There\u2019s no need to be camera-shy anymore, as you can enjoy the beauty filters on this application and enhance the quality of your pictures. Click astonishing selfies and stun everyone with your photo-capturing skills by using our Lomograph \u2013 Filter Camera app.<br><br>Disclaimer:<br>This application is not the official app of \u201cLomography\u201d &amp; \u201ccamera Filters\u201d or the original website. Also, we have no affiliation with any brand. All the filters and assets might be similar to camera filters but are custom-made by our professional Designers. The Lomographica has made every effort to ensure not to disobey others\u2019 COPYRIGHTS and TRADEMARKS.",
    "summary": "Filters For Pictures App with Lomography. Make beauty Photos & Cute Face Filters",
    "installs": "10,000,000+",
    "minInstalls": 10000000,
    "realInstalls": 13697907,
    "score": 4.035714,
    "ratings": 39445,
    "reviews": 343,
    "histogram": [
        6311,
        1051,
        3506,
        2454,
        26051
    ],
    "price": 0,
    "free": true,
    "currency": "USD",
    "sale": false,
    "saleTime": null,
    "originalPrice": null,
    "saleText": null,
    "offersIAP": true,
    "inAppProductPrice": "$1.99 - $44.99 per item",
    "developer": "CA Publishing",
    "developerId": "8427315010254441221",
    "developerEmail": "contentarcadeapps@gmail.com",
    "developerWebsite": "http://lomographic.app",
    "developerAddress": "ChenOne Road, Faisalabad, 38000",
    "privacyPolicy": "http://www.contentarcade.com/privacy",
    "genre": "Beauty",
    "genreId": "BEAUTY",
    "categories": [
        {
            "name": "Beauty",
            "id": "BEAUTY"
        }
    ],
    "icon": "https://play-lh.googleusercontent.com/vKKFQy2NEPWAV0c1x2hir0sfFS1P-Oi89JwBPL_lTBHfrSy-aImxa7Qqa0nSoIWTmcqQ",
    "headerImage": "https://play-lh.googleusercontent.com/zMYiAiLmzkfw5jJnUpPO2ex9TCiY-6L3D-vGjbxQjpONL90A9kyqRVahfp4Xm7z4ABIm",
    "screenshots": [
        "https://play-lh.googleusercontent.com/vko7ysoNuK3yKUTJY9mJVfumbCC_hHW5t7zDlmzc6MR_COOmJjo6Pro6Hhjj6Kiffw",
        "https://play-lh.googleusercontent.com/XjlAlCXZJWg2zsEfNk51AOMxZxB55kdqjO-pzshHKwKtsRBlSqkwFzC2Nwv4u46j9A",
        "https://play-lh.googleusercontent.com/_txjztxse0w9_VDq-9IhArTxUoFuJ2d4fPtuGWUHzNZrDYYG5m-WNqiiNyaZRPNsjqhk",
        "https://play-lh.googleusercontent.com/2GYv0B4XHSFGM-fXRR2BZuL_FVYZKQIuA7KPcq8CuLCxTCfeC01C33Ccxwp-uwh0gS0",
        "https://play-lh.googleusercontent.com/XemBUwgOmgYnRD_0fmY6MBFUnc068ZLOT3x7V_T1ivZvqHuUgjqRelgOFz1cDdOw2oU",
        "https://play-lh.googleusercontent.com/rnm9jjSpnha9BggYuJgA5juSL0uhSVOlHEaanTnrZUmmOuwktGCAOh1IXVUQHk22sNC6",
        "https://play-lh.googleusercontent.com/ot9FyV-cHvWiLltENwuSFR6cU4i7L_3CHTBQ25O46RYOhSUr4_x_SUqfFUnt7P0YUQ",
        "https://play-lh.googleusercontent.com/JtmXF-AeGUDx9PtHdE3VyN9tlFGmQ9ELCE5TVAGu8AiElgmX0GzUNT9lIMOz8xzSYA",
        "https://play-lh.googleusercontent.com/_x57lZ0KmurDNTBVZCKSkrXFSvLghooJmCqs13Q28lMZpI-l294faAijXgoJb5FrkxE",
        "https://play-lh.googleusercontent.com/O8ZPFF6GLg38HyIETmC296vv31afDCltFh1iaKJNWoPyabfQWjeCtzonv-2w0YsH1kw",
        "https://play-lh.googleusercontent.com/rwTEWTqiHJRutm202oF1uuFZmQy7x-z4Nq1x-6r8M12bhZ3VJJdtPRc68mQIxxF_3HI",
        "https://play-lh.googleusercontent.com/LIIpCuw1Fct1-db5Qg1LO_HUbOPlYOpfYITaKdEIzuT4KjlnbEDuRr05dfxaKkDEJHY",
        "https://play-lh.googleusercontent.com/93OU-0cNzfntnLnLeOHaw1UFV3TWqQXdlAVe3T8CHeKuCbxg0bkcREgkTZ9qeouJplk",
        "https://play-lh.googleusercontent.com/rXP3yA4z0gI-C2dbAdk2MIoLeStYqCAbQ_EJvde4JEhkBNn3rByDfCCfCb_MG8IEP-Q",
        "https://play-lh.googleusercontent.com/yd3t93xdXiRlHLtk-tqv5AYoK0oj8yqcIKnxG4zUawqyMdm0GQqiBSiU9WctnTn5Zg4",
        "https://play-lh.googleusercontent.com/0D64t9cjDBuzNqLbqu1Ql5KxXGA_HmGDBtzkL-rP32qewnq3znfPum6XkuUs3Zq2sA",
        "https://play-lh.googleusercontent.com/9dMui3E9NLkT-X9YQCLF_W5R_A-A6MrD_gbozK4_Vw0ZN5Eq_59DDW4AmHQb35zA6AE",
        "https://play-lh.googleusercontent.com/dPLRQyoeWl2JB8SsIZmbCNhu5RPN85Qx4Nl3Z79blTUIsxGU0KylppCfqXGY3m7LOOw",
        "https://play-lh.googleusercontent.com/m2HBu1HEjtoshE6OzwExmK8nQZ7Ks5MAPfVtmIIJY9ok9QcJCzsGqyHdt6buxUGiuzk",
        "https://play-lh.googleusercontent.com/6a7LF0Otl1dZ7SJOHJ6Uc-XzO2lttb-qwputCO7XnEgU_62IVaYPSA7ZyD3F6ES9hf8",
        "https://play-lh.googleusercontent.com/8rQVfIV2JvtzhrJtzfdeeQSR7m5ZKBKLuSv4k9SleSsSTsAonHa94_8fyBGj94Ep-g"
    ],
    "video": "https://www.youtube.com/embed/HO60TKUXjIU?ps=play&vq=large&rel=0&autohide=1&showinfo=0",
    "videoImage": "https://play-lh.googleusercontent.com/zMYiAiLmzkfw5jJnUpPO2ex9TCiY-6L3D-vGjbxQjpONL90A9kyqRVahfp4Xm7z4ABIm",
    "contentRating": "Everyone",
    "contentRatingDescription": null,
    "adSupported": true,
    "containsAds": true,
    "released": "Nov 29, 2018",
    "lastUpdatedOn": "Oct 16, 2024",
    "updated": 1729073044,
    "version": "25.1.222",
    "comments": [],
    "appId": "com.lomographic.vintage.camera.filters",
    "url": "https://play.google.com/store/apps/details?id=com.lomographic.vintage.camera.filters&hl=en&gl=us"
}