{
    "title": "Photo Lock App - Hide Pictures",
    "description": "<h1>Gallery Photo Locker - The Ultimate Privacy Protector!</h1>\r\nDo you want your personal life to remain secure? You can effortlessly hide unlimited images and videos with the Gallery Photo Locker. Protect your gallery, and never worry about lending your smartphone to friends and family again. Keep your secrets secure with the best in privacy and security protection.\r\n\r\n\ud83d\udcc4 <b>Gallery Photo Locker Key Features:</b> \ud83d\udcc4\r\n\ud83d\udee1\ufe0f Gallery Photo Locker: Store your private media securely;\r\n\ud83d\udee1\ufe0f Hidden Photo Vault: Gallery Lock: Hide your pictures and videos effortlessly;\r\n\ud83d\udee1\ufe0f Secret Photo Vault: Hide Photos Videos;\r\n\ud83d\udee1\ufe0f Private Photo Vault: Photo Hider;\r\n\ud83d\udee1\ufe0f Keep Safe Photo And Videos;\r\n\ud83d\udee1\ufe0f Galerie Lock: Enjoy the peace of mind;\r\n\ud83d\udee1\ufe0f Calculator Lock App.\r\n\r\n<h2>More Than Just an Image Lock!</h2>\r\nThe Gallery Photo Locker offers numerous features to keep your data secure. Create and hide private notes in the Galerie Lock, surf the internet using the safe browser, and download media directly into the Secret Photo Vault: Hide Photos Videos.\r\n\r\n\ud83d\udcc4 <b>Additional Features:</b> \ud83d\udcc4\r\n\ud83d\udd12 Supports Fingerprint Unlock: Use fingerprint authentication on Private Photo Vault: Photo Hider;\r\n\ud83d\udd12 Share to Hide: Hide from your gallery or SD card by sharing them to the Hidden Photo Vault: Gallery Lock;\r\n\ud83d\udd12 Inbuilt Viewer & Player: Use Calculator Lock App's built-in player;\r\n\ud83d\udd12 Cloud Backup: Back up your hidden images, videos, files, and notes;\r\n\ud83d\udd12 Guest Locker: Create a Guest Locker with a different password to store dummy images and videos;\r\n\ud83d\udd12 Replace App Icon: The app icon magically disappears and gets replaced with a secret icon such as news, weather, or radio;\r\n\ud83d\udd12 Face Down Lock: The Keep Safe Photo And Videos will close when your device is placed face down;\r\n\ud83d\udd12 Intruder Image: Automatically captures an image of anyone attempting to access;\r\n\ud83d\udd12 Galerie Lock Themes: Customize the Private Photo Vault: Photo Hider app.\r\n\r\n<b>Secure Your Media Effortlessly!</b>\r\nDownload the Hidden Photo Vault: Gallery Lock today and start protecting your personal files. Your data will always be safe with features like Gallery Photo Locker, Hidden Photo Vault: Gallery Lock, and Secret Photo Vault: Hide Photos Videos. Enjoy the ultimate privacy with Private Photo Vault: Photo Hider and keep all your personal images and videos secure.\r\n\r\n<b>Highly Secure and User-Friendly:</b>\r\nFeatures like fingerprint unlock cloud backup and the ability to replace the app icon in the Hidden Photo Vault: Gallery Lock makes it feel friendly and highly secure. Keep your personal life really personal with the Keep Safe Photo And Videos. With features like fingerprint unlock, cloud backup, and the ability to replace the app icon, this software is both user-friendly and highly secure.\r\n\r\n<h3>Start Protecting Your Privacy Today!</h3>\r\nExperience the ultimate in protection with the Secret Photo Vault: Hide Photos Videos. Whether you need to hide your images or videos or lock other types of files, this Calculator Lock App has everything you will need to always keep your data confidential.",
    "descriptionHTML": "<h1>Gallery Photo Locker - The Ultimate Privacy Protector!</h1><br>Do you want your personal life to remain secure? You can effortlessly hide unlimited images and videos with the Gallery Photo Locker. Protect your gallery, and never worry about lending your smartphone to friends and family again. Keep your secrets secure with the best in privacy and security protection.<br><br>\ud83d\udcc4 <b>Gallery Photo Locker Key Features:</b> \ud83d\udcc4<br>\ud83d\udee1\ufe0f Gallery Photo Locker: Store your private media securely;<br>\ud83d\udee1\ufe0f Hidden Photo Vault: Gallery Lock: Hide your pictures and videos effortlessly;<br>\ud83d\udee1\ufe0f Secret Photo Vault: Hide Photos Videos;<br>\ud83d\udee1\ufe0f Private Photo Vault: Photo Hider;<br>\ud83d\udee1\ufe0f Keep Safe Photo And Videos;<br>\ud83d\udee1\ufe0f Galerie Lock: Enjoy the peace of mind;<br>\ud83d\udee1\ufe0f Calculator Lock App.<br><br><h2>More Than Just an Image Lock!</h2><br>The Gallery Photo Locker offers numerous features to keep your data secure. Create and hide private notes in the Galerie Lock, surf the internet using the safe browser, and download media directly into the Secret Photo Vault: Hide Photos Videos.<br><br>\ud83d\udcc4 <b>Additional Features:</b> \ud83d\udcc4<br>\ud83d\udd12 Supports Fingerprint Unlock: Use fingerprint authentication on Private Photo Vault: Photo Hider;<br>\ud83d\udd12 Share to Hide: Hide from your gallery or SD card by sharing them to the Hidden Photo Vault: Gallery Lock;<br>\ud83d\udd12 Inbuilt Viewer &amp; Player: Use Calculator Lock App&#39;s built-in player;<br>\ud83d\udd12 Cloud Backup: Back up your hidden images, videos, files, and notes;<br>\ud83d\udd12 Guest Locker: Create a Guest Locker with a different password to store dummy images and videos;<br>\ud83d\udd12 Replace App Icon: The app icon magically disappears and gets replaced with a secret icon such as news, weather, or radio;<br>\ud83d\udd12 Face Down Lock: The Keep Safe Photo And Videos will close when your device is placed face down;<br>\ud83d\udd12 Intruder Image: Automatically captures an image of anyone attempting to access;<br>\ud83d\udd12 Galerie Lock Themes: Customize the Private Photo Vault: Photo Hider app.<br><br><b>Secure Your Media Effortlessly!</b><br>Download the Hidden Photo Vault: Gallery Lock today and start protecting your personal files. Your data will always be safe with features like Gallery Photo Locker, Hidden Photo Vault: Gallery Lock, and Secret Photo Vault: Hide Photos Videos. Enjoy the ultimate privacy with Private Photo Vault: Photo Hider and keep all your personal images and videos secure.<br><br><b>Highly Secure and User-Friendly:</b><br>Features like fingerprint unlock cloud backup and the ability to replace the app icon in the Hidden Photo Vault: Gallery Lock makes it feel friendly and highly secure. Keep your personal life really personal with the Keep Safe Photo And Videos. With features like fingerprint unlock, cloud backup, and the ability to replace the app icon, this software is both user-friendly and highly secure.<br><br><h3>Start Protecting Your Privacy Today!</h3><br>Experience the ultimate in protection with the Secret Photo Vault: Hide Photos Videos. Whether you need to hide your images or videos or lock other types of files, this Calculator Lock App has everything you will need to always keep your data confidential.",
    "summary": "Ultimate Gallery Lock App - Hide Pictures, Videos and Lock Apps Instantly!",
    "installs": "50,000,000+",
    "minInstalls": 50000000,
    "realInstalls": 95952104,
    "score": 4.6151686,
    "ratings": 773923,
    "reviews": 4058,
    "histogram": [
        48245,
        14760,
        13454,
        33440,
        663891
    ],
    "price": 0,
    "free": true,
    "currency": "USD",
    "sale": false,
    "saleTime": null,
    "originalPrice": null,
    "saleText": null,
    "offersIAP": true,
    "inAppProductPrice": "$0.99 - $99.99 per item",
    "developer": "Battery Stats Saver",
    "developerId": "9013187063917541329",
    "developerEmail": "support.photolockapp@repairbatterylife.com",
    "developerWebsite": "https://repairbatterylife.com/photolockapp",
    "developerAddress": "Nissim Aloni 6, Apt. 1702\nTLV",
    "privacyPolicy": "https://repairbatterylife.com/photolockapp/privacy",
    "genre": "Personalization",
    "genreId": "PERSONALIZATION",
    "categories": [
        {
            "name": "Personalization",
            "id": "PERSONALIZATION"
        }
    ],
    "icon": "https://play-lh.googleusercontent.com/e9Bqt2PnQkQ9CZ6_yCDnYiAuwRh-x99CaW4bR38mrFEufFS1MeMNJp_gIVvPWFDQwJ8",
    "headerImage": "https://play-lh.googleusercontent.com/XQkSLKvB7mUrPlWQGdhM4FZIrif5nciMSBK72vxbgo3CtOAyiR11HfnLjEry7U12vV0",
    "screenshots": [
        "https://play-lh.googleusercontent.com/5ARAYqvj7gdu0nfpiS8z9Ccm-oeZFCNcH9hA7l46ytQ4hZV2xotLd5Hz0jUwfe_DcQ",
        "https://play-lh.googleusercontent.com/toTyObvKClZMtgMenu06zTaOTS0JwHf2o3wEb7Cru-ykMWZLdNOfZbLGnVlHxfWoglpi",
        "https://play-lh.googleusercontent.com/pNjd8qMC9lFQHwCaXKHOER7KZWKRj1dGcUvtcRq4YZIWco8JufFwhiIQ_bhp7SPCh8M",
        "https://play-lh.googleusercontent.com/wA9UDv_bYBxhQ_auCtRVyUayNomk4jfm7Cv89Bj9O7WhZRyn31VLLM_6CN86ZADlUw",
        "https://play-lh.googleusercontent.com/rDzmo2o2l7FMscg4e3Bt0QYSgyiAzqKSKsXo0ooUMXuEAYig2RluwcZGNAFkvV4B428",
        "https://play-lh.googleusercontent.com/ZRTXXC74AlefUR1TUL4zyHDvTD6ZirPELPmlEAZA3rkCQBIzZIXY7MNNOt673p56ZTE",
        "https://play-lh.googleusercontent.com/f9U-LwCD68_4qeU9QS4zpVNdAh635SNIlQyQjVpOUZEZmvznTebWUDUNsOsoMuAYLVw",
        "https://play-lh.googleusercontent.com/lqOaUPbvhdwSuJjKXJhgc4liyP4ix2IFWgAuOehPNgK_hORuzWsg7vcUzlmwc-N3XgMk",
        "https://play-lh.googleusercontent.com/wzPP-T62rt8mvEfxzUg8i--p12F30LIdMhHfRoyo0fEuOuEIuviIISFvs42EToTKcT4",
        "https://play-lh.googleusercontent.com/aX84zl1-sfZGp5p6Xsm67A6xewY0WkrfpT4-iJFlVEHmiRz6lZoPfAxXxsQFiIG3ReY",
        "https://play-lh.googleusercontent.com/3kyvvYESWQLkq5XN6MAFFNjovFo1W8RBCwQT_hFLQu_c4kxh_yDFkBR6nqFW8zqtnUiX",
        "https://play-lh.googleusercontent.com/FZNK5Zfd3smZkO-5yERFVRnjxNbZtEqswP_NCZWtcAyDQJD81V5n3FwbqlOUUFXZ_yM",
        "https://play-lh.googleusercontent.com/6SMC2v7kklPAJZqW14K6CjVZ88tEmqMRjD_bSZIiYE9iYE_pW5lWWt7bwQQAd26J60Q",
        "https://play-lh.googleusercontent.com/cVpL1A2ltb29sherzxz2QoGZMLLodtaM4ikySKklbC-jinNEY1Uo4_5B4bP9Z0XLKfyq",
        "https://play-lh.googleusercontent.com/oq-h9wwSEXyuR3uavoexXYhxvTaQwpx6xl8Kn2KAQR1_1IFCvhJgsJIuVMSQo8AyPiA",
        "https://play-lh.googleusercontent.com/202eaJ9Tx4ZzjXQ4qPv0lT9L9cU1PxMbIrIJOwEIryHWP9wa1UCK0hKqLe6l22yYrA",
        "https://play-lh.googleusercontent.com/IGsIKM1Bw3PfwRdcNsX1RUSiXeiiLb8DEA8qazTAunvHcR_9jRY6J-rxaSF3yeqxl54",
        "https://play-lh.googleusercontent.com/CRAvrEnSbVUTv_qbBtlU30lTQ-3qzWeWoxDrqHqwhUc5QOVqufoQUDImHsn2WMR3RuI",
        "https://play-lh.googleusercontent.com/I5gYXG2gdkAqfc4wHx4OL6PX8zEPpIXBOYv-paOgfqqq24yBjMAMX1T3F-tIznwsF53-",
        "https://play-lh.googleusercontent.com/Zmvts9PyvTNqDergoKRrSzaeKLB5SBGkxVzqBh1_h0t5fzxxnjyp8XXy1mO7rT2FMGA",
        "https://play-lh.googleusercontent.com/7plcQdjbnxjTW93B8JGo3ocKKuQc30PlxmlLUy6s0NIqao-oH0kOSI6yIhx-N5fVgA",
        "https://play-lh.googleusercontent.com/p2XwJxh28RugTE-4YsDj6N4dQhTZFNi0NC3qTQoVVfOk-27cbYJNn4XUT4Qpcbjv3Q",
        "https://play-lh.googleusercontent.com/nPWxWOdphl2hxWTYYJHQmUz1hdaZxRQK5j9fGGpIfyxm0YOF1DBtkcELmUECGSpzQ722",
        "https://play-lh.googleusercontent.com/oFVyBWzvC1NoAaL1nCavIq6TFp_G_1WuMds--Z2naIoqoU7b-jDLKQIu93Tprz48SA",
        "https://play-lh.googleusercontent.com/GJyO5ev7ocPZv6WcN4tksjAQnmXmNu6eTPJF-7w_32gKRt7vefa4SyiO0ZLXWjF3",
        "https://play-lh.googleusercontent.com/TeC2APQCNVDf_7bsU73Gl10iqkOIBGuVhgx5qgzRW7AiRNCR8jiS6R27yFN9RPpS0pU",
        "https://play-lh.googleusercontent.com/-DtKYBzvN7sOkL_RYVr6oizpZF8L26822QuwQfaQlG1EMCUuqlj9SuUMd6dVM2uOoIE",
        "https://play-lh.googleusercontent.com/IELdVwLiKWWqDdB3guFHCSBU66pUi2pciHst_egqBdM-rhlL3-pfZaHNaEvtMCAXZT0",
        "https://play-lh.googleusercontent.com/1TOVCLwyWUG3kbsktOGEsNYh2jk0zUMSz-pfmC1beGFL80hFfnix1GkmAmfKBPo90Y5V",
        "https://play-lh.googleusercontent.com/a_xgXlkIFm_HDwkQXXXgsESUwVki-8VmgUzkivUvR_Gyy9ESw74IksbwCJjA40ZpmQ",
        "https://play-lh.googleusercontent.com/TwvV09xFWpqWVRPRtUYZ2rEL_7tnVvWxLBUKJO33OW1VAQnrJi7Fc7sU7Zg9oitnfB0",
        "https://play-lh.googleusercontent.com/Y7ipBI5qhsIdjagmjxO1xMAwKe1o2beSWBSaDraeYkk9nFeBK9czBSJ9e1y3oYupuZg6"
    ],
    "video": null,
    "videoImage": null,
    "contentRating": "Everyone",
    "contentRatingDescription": null,
    "adSupported": true,
    "containsAds": true,
    "released": "Jan 29, 2016",
    "lastUpdatedOn": "Sep 30, 2024",
    "updated": 1727685200,
    "version": "2.1.2",
    "comments": [],
    "appId": "vault.gallery.lock",
    "url": "https://play.google.com/store/apps/details?id=vault.gallery.lock&hl=en&gl=us"
}